// !$*UTF8*$!
{
	archiveVersion = 1;
	classes = {
	};
	objectVersion = 50;
	objects = {

/* Begin PBXBuildFile section */
		9F14216722267F190009037D /* AppDelegate.m in Sources */ = {isa = PBXBuildFile; fileRef = 9F14216622267F190009037D /* AppDelegate.m */; };
		9F14216A22267F190009037D /* ViewController.m in Sources */ = {isa = PBXBuildFile; fileRef = 9F14216922267F190009037D /* ViewController.m */; };
		9F14216D22267F190009037D /* Main.storyboard in Resources */ = {isa = PBXBuildFile; fileRef = 9F14216B22267F190009037D /* Main.storyboard */; };
		9F14216F22267F290009037D /* Assets.xcassets in Resources */ = {isa = PBXBuildFile; fileRef = 9F14216E22267F290009037D /* Assets.xcassets */; };
		9F14217222267F290009037D /* LaunchScreen.storyboard in Resources */ = {isa = PBXBuildFile; fileRef = 9F14217022267F290009037D /* LaunchScreen.storyboard */; };
		9F14217522267F290009037D /* main.m in Sources */ = {isa = PBXBuildFile; fileRef = 9F14217422267F290009037D /* main.m */; };
		9F14217F22267F2B0009037D /* KouSuanTests.m in Sources */ = {isa = PBXBuildFile; fileRef = 9F14217E22267F2B0009037D /* KouSuanTests.m */; };
		9F14218A22267F2B0009037D /* KouSuanUITests.m in Sources */ = {isa = PBXBuildFile; fileRef = 9F14218922267F2B0009037D /* KouSuanUITests.m */; };
		9F1764822227810400F4BFD9 /* libsqlite3.0.tbd in Frameworks */ = {isa = PBXBuildFile; fileRef = 9F1764812227810400F4BFD9 /* libsqlite3.0.tbd */; };
		9F1764842227811600F4BFD9 /* libiconv.2.4.0.tbd in Frameworks */ = {isa = PBXBuildFile; fileRef = 9F1764832227811600F4BFD9 /* libiconv.2.4.0.tbd */; };
		9F1764862227812400F4BFD9 /* libc++.tbd in Frameworks */ = {isa = PBXBuildFile; fileRef = 9F1764852227812400F4BFD9 /* libc++.tbd */; };
		9F1764882227813700F4BFD9 /* libz.1.2.5.tbd in Frameworks */ = {isa = PBXBuildFile; fileRef = 9F1764872227813700F4BFD9 /* libz.1.2.5.tbd */; };
		9F17648A2227814500F4BFD9 /* GLKit.framework in Frameworks */ = {isa = PBXBuildFile; fileRef = 9F1764892227814500F4BFD9 /* GLKit.framework */; };
		9F17648C2227817300F4BFD9 /* SystemConfiguration.framework in Frameworks */ = {isa = PBXBuildFile; fileRef = 9F17648B2227817300F4BFD9 /* SystemConfiguration.framework */; };
		9F17648E2227818400F4BFD9 /* AudioToolbox.framework in Frameworks */ = {isa = PBXBuildFile; fileRef = 9F17648D2227818400F4BFD9 /* AudioToolbox.framework */; };
		9F1764902227818F00F4BFD9 /* AVFoundation.framework in Frameworks */ = {isa = PBXBuildFile; fileRef = 9F17648F2227818F00F4BFD9 /* AVFoundation.framework */; };
		9F1764922227819C00F4BFD9 /* CFNetwork.framework in Frameworks */ = {isa = PBXBuildFile; fileRef = 9F1764912227819C00F4BFD9 /* CFNetwork.framework */; };
		9F176494222781D600F4BFD9 /* CoreLocation.framework in Frameworks */ = {isa = PBXBuildFile; fileRef = 9F176493222781D600F4BFD9 /* CoreLocation.framework */; };
		9F176496222781E500F4BFD9 /* CoreTelephony.framework in Frameworks */ = {isa = PBXBuildFile; fileRef = 9F176495222781E500F4BFD9 /* CoreTelephony.framework */; };
		9F1764A42227857800F4BFD9 /* Chinese_And_English_Speech_DYY.dat in Resources */ = {isa = PBXBuildFile; fileRef = 9F17649F2227857800F4BFD9 /* Chinese_And_English_Speech_DYY.dat */; };
		9F1764A52227857800F4BFD9 /* Chinese_And_English_Speech_Female.dat in Resources */ = {isa = PBXBuildFile; fileRef = 9F1764A02227857800F4BFD9 /* Chinese_And_English_Speech_Female.dat */; };
		9F1764A62227857800F4BFD9 /* Chinese_And_English_Speech_Male-yyjw.dat in Resources */ = {isa = PBXBuildFile; fileRef = 9F1764A12227857800F4BFD9 /* Chinese_And_English_Speech_Male-yyjw.dat */; };
		9F1764A72227857800F4BFD9 /* Chinese_And_English_Speech_Male.dat in Resources */ = {isa = PBXBuildFile; fileRef = 9F1764A22227857800F4BFD9 /* Chinese_And_English_Speech_Male.dat */; };
		9F1764A82227857800F4BFD9 /* Chinese_And_English_Text.dat in Resources */ = {isa = PBXBuildFile; fileRef = 9F1764A32227857800F4BFD9 /* Chinese_And_English_Text.dat */; };
		9F1764C3222785D600F4BFD9 /* .gitIgnore in Resources */ = {isa = PBXBuildFile; fileRef = 9F1764AB222785D600F4BFD9 /* .gitIgnore */; };
		9F1764E72227C8FC00F4BFD9 /* bds_easr_basic_model.dat in Resources */ = {isa = PBXBuildFile; fileRef = 9F1764CC2227C8FC00F4BFD9 /* bds_easr_basic_model.dat */; };
		9F1764E82227C8FC00F4BFD9 /* bds_easr_dnn_wakeup_model.dat in Resources */ = {isa = PBXBuildFile; fileRef = 9F1764CD2227C8FC00F4BFD9 /* bds_easr_dnn_wakeup_model.dat */; };
		9F1764E92227C8FC00F4BFD9 /* bds_easr_gramm.dat in Resources */ = {isa = PBXBuildFile; fileRef = 9F1764CE2227C8FC00F4BFD9 /* bds_easr_gramm.dat */; };
		9F1764EA2227C8FC00F4BFD9 /* bds_easr_input_model.dat in Resources */ = {isa = PBXBuildFile; fileRef = 9F1764CF2227C8FC00F4BFD9 /* bds_easr_input_model.dat */; };
		9F1764EB2227C8FC00F4BFD9 /* bds_easr_mfe_cmvn.dat in Resources */ = {isa = PBXBuildFile; fileRef = 9F1764D02227C8FC00F4BFD9 /* bds_easr_mfe_cmvn.dat */; };
		9F1764EC2227C8FC00F4BFD9 /* bds_easr_mfe_dnn.dat in Resources */ = {isa = PBXBuildFile; fileRef = 9F1764D12227C8FC00F4BFD9 /* bds_easr_mfe_dnn.dat */; };
		9F1764ED2227C8FC00F4BFD9 /* bds_easr_wakeup_words.dat in Resources */ = {isa = PBXBuildFile; fileRef = 9F1764D22227C8FC00F4BFD9 /* bds_easr_wakeup_words.dat */; };
		9F1764EE2227C8FC00F4BFD9 /* bds_license.dat in Resources */ = {isa = PBXBuildFile; fileRef = 9F1764D32227C8FC00F4BFD9 /* bds_license.dat */; };
		9F1764EF2227C8FC00F4BFD9 /* temp_license_2018-02-24.dat in Resources */ = {isa = PBXBuildFile; fileRef = 9F1764D42227C8FC00F4BFD9 /* temp_license_2018-02-24.dat */; };
		9F1765002227C93A00F4BFD9 /* BDSClientResources in Resources */ = {isa = PBXBuildFile; fileRef = 9F1764FF2227C93A00F4BFD9 /* BDSClientResources */; };
		9F1765042227CA0F00F4BFD9 /* ASRService.m in Sources */ = {isa = PBXBuildFile; fileRef = 9F1765032227CA0F00F4BFD9 /* ASRService.m */; };
		9FA4C5E0222E2076007CDDE2 /* libBaiduSpeechSDK.a in Frameworks */ = {isa = PBXBuildFile; fileRef = 9FA4C5DE222E2076007CDDE2 /* libBaiduSpeechSDK.a */; };
		9FA4C5E1222E2076007CDDE2 /* .gitignore in Resources */ = {isa = PBXBuildFile; fileRef = 9FA4C5DF222E2076007CDDE2 /* .gitignore */; };
		9FA4C5E4222E20B2007CDDE2 /* TTSService.m in Sources */ = {isa = PBXBuildFile; fileRef = 9FA4C5E3222E20B2007CDDE2 /* TTSService.m */; };
/* End PBXBuildFile section */

/* Begin PBXContainerItemProxy section */
		9F14217B22267F2B0009037D /* PBXContainerItemProxy */ = {
			isa = PBXContainerItemProxy;
			containerPortal = 9F14215A22267F190009037D /* Project object */;
			proxyType = 1;
			remoteGlobalIDString = 9F14216122267F190009037D;
			remoteInfo = KouSuan;
		};
		9F14218622267F2B0009037D /* PBXContainerItemProxy */ = {
			isa = PBXContainerItemProxy;
			containerPortal = 9F14215A22267F190009037D /* Project object */;
			proxyType = 1;
			remoteGlobalIDString = 9F14216122267F190009037D;
			remoteInfo = KouSuan;
		};
/* End PBXContainerItemProxy section */

/* Begin PBXFileReference section */
		9F14216222267F190009037D /* KouSuan.app */ = {isa = PBXFileReference; explicitFileType = wrapper.application; includeInIndex = 0; path = KouSuan.app; sourceTree = BUILT_PRODUCTS_DIR; };
		9F14216522267F190009037D /* AppDelegate.h */ = {isa = PBXFileReference; lastKnownFileType = sourcecode.c.h; path = AppDelegate.h; sourceTree = "<group>"; };
		9F14216622267F190009037D /* AppDelegate.m */ = {isa = PBXFileReference; lastKnownFileType = sourcecode.c.objc; path = AppDelegate.m; sourceTree = "<group>"; };
		9F14216822267F190009037D /* ViewController.h */ = {isa = PBXFileReference; lastKnownFileType = sourcecode.c.h; path = ViewController.h; sourceTree = "<group>"; };
		9F14216922267F190009037D /* ViewController.m */ = {isa = PBXFileReference; lastKnownFileType = sourcecode.c.objc; path = ViewController.m; sourceTree = "<group>"; };
		9F14216C22267F190009037D /* Base */ = {isa = PBXFileReference; lastKnownFileType = file.storyboard; name = Base; path = Base.lproj/Main.storyboard; sourceTree = "<group>"; };
		9F14216E22267F290009037D /* Assets.xcassets */ = {isa = PBXFileReference; lastKnownFileType = folder.assetcatalog; path = Assets.xcassets; sourceTree = "<group>"; };
		9F14217122267F290009037D /* Base */ = {isa = PBXFileReference; lastKnownFileType = file.storyboard; name = Base; path = Base.lproj/LaunchScreen.storyboard; sourceTree = "<group>"; };
		9F14217322267F290009037D /* Info.plist */ = {isa = PBXFileReference; lastKnownFileType = text.plist.xml; path = Info.plist; sourceTree = "<group>"; };
		9F14217422267F290009037D /* main.m */ = {isa = PBXFileReference; lastKnownFileType = sourcecode.c.objc; path = main.m; sourceTree = "<group>"; };
		9F14217A22267F2B0009037D /* KouSuanTests.xctest */ = {isa = PBXFileReference; explicitFileType = wrapper.cfbundle; includeInIndex = 0; path = KouSuanTests.xctest; sourceTree = BUILT_PRODUCTS_DIR; };
		9F14217E22267F2B0009037D /* KouSuanTests.m */ = {isa = PBXFileReference; lastKnownFileType = sourcecode.c.objc; path = KouSuanTests.m; sourceTree = "<group>"; };
		9F14218022267F2B0009037D /* Info.plist */ = {isa = PBXFileReference; lastKnownFileType = text.plist.xml; path = Info.plist; sourceTree = "<group>"; };
		9F14218522267F2B0009037D /* KouSuanUITests.xctest */ = {isa = PBXFileReference; explicitFileType = wrapper.cfbundle; includeInIndex = 0; path = KouSuanUITests.xctest; sourceTree = BUILT_PRODUCTS_DIR; };
		9F14218922267F2B0009037D /* KouSuanUITests.m */ = {isa = PBXFileReference; lastKnownFileType = sourcecode.c.objc; path = KouSuanUITests.m; sourceTree = "<group>"; };
		9F14218B22267F2B0009037D /* Info.plist */ = {isa = PBXFileReference; lastKnownFileType = text.plist.xml; path = Info.plist; sourceTree = "<group>"; };
		9F1764812227810400F4BFD9 /* libsqlite3.0.tbd */ = {isa = PBXFileReference; lastKnownFileType = "sourcecode.text-based-dylib-definition"; name = libsqlite3.0.tbd; path = usr/lib/libsqlite3.0.tbd; sourceTree = SDKROOT; };
		9F1764832227811600F4BFD9 /* libiconv.2.4.0.tbd */ = {isa = PBXFileReference; lastKnownFileType = "sourcecode.text-based-dylib-definition"; name = libiconv.2.4.0.tbd; path = usr/lib/libiconv.2.4.0.tbd; sourceTree = SDKROOT; };
		9F1764852227812400F4BFD9 /* libc++.tbd */ = {isa = PBXFileReference; lastKnownFileType = "sourcecode.text-based-dylib-definition"; name = "libc++.tbd"; path = "usr/lib/libc++.tbd"; sourceTree = SDKROOT; };
		9F1764872227813700F4BFD9 /* libz.1.2.5.tbd */ = {isa = PBXFileReference; lastKnownFileType = "sourcecode.text-based-dylib-definition"; name = libz.1.2.5.tbd; path = usr/lib/libz.1.2.5.tbd; sourceTree = SDKROOT; };
		9F1764892227814500F4BFD9 /* GLKit.framework */ = {isa = PBXFileReference; lastKnownFileType = wrapper.framework; name = GLKit.framework; path = System/Library/Frameworks/GLKit.framework; sourceTree = SDKROOT; };
		9F17648B2227817300F4BFD9 /* SystemConfiguration.framework */ = {isa = PBXFileReference; lastKnownFileType = wrapper.framework; name = SystemConfiguration.framework; path = System/Library/Frameworks/SystemConfiguration.framework; sourceTree = SDKROOT; };
		9F17648D2227818400F4BFD9 /* AudioToolbox.framework */ = {isa = PBXFileReference; lastKnownFileType = wrapper.framework; name = AudioToolbox.framework; path = System/Library/Frameworks/AudioToolbox.framework; sourceTree = SDKROOT; };
		9F17648F2227818F00F4BFD9 /* AVFoundation.framework */ = {isa = PBXFileReference; lastKnownFileType = wrapper.framework; name = AVFoundation.framework; path = System/Library/Frameworks/AVFoundation.framework; sourceTree = SDKROOT; };
		9F1764912227819C00F4BFD9 /* CFNetwork.framework */ = {isa = PBXFileReference; lastKnownFileType = wrapper.framework; name = CFNetwork.framework; path = System/Library/Frameworks/CFNetwork.framework; sourceTree = SDKROOT; };
		9F176493222781D600F4BFD9 /* CoreLocation.framework */ = {isa = PBXFileReference; lastKnownFileType = wrapper.framework; name = CoreLocation.framework; path = System/Library/Frameworks/CoreLocation.framework; sourceTree = SDKROOT; };
		9F176495222781E500F4BFD9 /* CoreTelephony.framework */ = {isa = PBXFileReference; lastKnownFileType = wrapper.framework; name = CoreTelephony.framework; path = System/Library/Frameworks/CoreTelephony.framework; sourceTree = SDKROOT; };
		9F17649F2227857800F4BFD9 /* Chinese_And_English_Speech_DYY.dat */ = {isa = PBXFileReference; lastKnownFileType = file; path = Chinese_And_English_Speech_DYY.dat; sourceTree = "<group>"; };
		9F1764A02227857800F4BFD9 /* Chinese_And_English_Speech_Female.dat */ = {isa = PBXFileReference; lastKnownFileType = file; path = Chinese_And_English_Speech_Female.dat; sourceTree = "<group>"; };
		9F1764A12227857800F4BFD9 /* Chinese_And_English_Speech_Male-yyjw.dat */ = {isa = PBXFileReference; lastKnownFileType = file; path = "Chinese_And_English_Speech_Male-yyjw.dat"; sourceTree = "<group>"; };
		9F1764A22227857800F4BFD9 /* Chinese_And_English_Speech_Male.dat */ = {isa = PBXFileReference; lastKnownFileType = file; path = Chinese_And_English_Speech_Male.dat; sourceTree = "<group>"; };
		9F1764A32227857800F4BFD9 /* Chinese_And_English_Text.dat */ = {isa = PBXFileReference; lastKnownFileType = file; path = Chinese_And_English_Text.dat; sourceTree = "<group>"; };
		9F1764AB222785D600F4BFD9 /* .gitIgnore */ = {isa = PBXFileReference; fileEncoding = 4; lastKnownFileType = text; path = .gitIgnore; sourceTree = "<group>"; };
		9F1764AC222785D600F4BFD9 /* BDSASRDefines.h */ = {isa = PBXFileReference; fileEncoding = 4; lastKnownFileType = sourcecode.c.h; path = BDSASRDefines.h; sourceTree = "<group>"; };
		9F1764AD222785D600F4BFD9 /* BDSASRParameters.h */ = {isa = PBXFileReference; fileEncoding = 4; lastKnownFileType = sourcecode.c.h; path = BDSASRParameters.h; sourceTree = "<group>"; };
		9F1764AE222785D600F4BFD9 /* BDSEventManager.h */ = {isa = PBXFileReference; fileEncoding = 4; lastKnownFileType = sourcecode.c.h; path = BDSEventManager.h; sourceTree = "<group>"; };
		9F1764AF222785D600F4BFD9 /* BDSUploaderDefines.h */ = {isa = PBXFileReference; fileEncoding = 4; lastKnownFileType = sourcecode.c.h; path = BDSUploaderDefines.h; sourceTree = "<group>"; };
		9F1764B0222785D600F4BFD9 /* BDSUploaderParameters.h */ = {isa = PBXFileReference; fileEncoding = 4; lastKnownFileType = sourcecode.c.h; path = BDSUploaderParameters.h; sourceTree = "<group>"; };
		9F1764B1222785D600F4BFD9 /* BDSWakeupDefines.h */ = {isa = PBXFileReference; fileEncoding = 4; lastKnownFileType = sourcecode.c.h; path = BDSWakeupDefines.h; sourceTree = "<group>"; };
		9F1764B2222785D600F4BFD9 /* BDSWakeupParameters.h */ = {isa = PBXFileReference; fileEncoding = 4; lastKnownFileType = sourcecode.c.h; path = BDSWakeupParameters.h; sourceTree = "<group>"; };
		9F1764B4222785D600F4BFD9 /* BDRecognizerViewController.h */ = {isa = PBXFileReference; fileEncoding = 4; lastKnownFileType = sourcecode.c.h; path = BDRecognizerViewController.h; sourceTree = "<group>"; };
		9F1764B5222785D600F4BFD9 /* BDRecognizerViewDelegate.h */ = {isa = PBXFileReference; fileEncoding = 4; lastKnownFileType = sourcecode.c.h; path = BDRecognizerViewDelegate.h; sourceTree = "<group>"; };
		9F1764B6222785D600F4BFD9 /* BDRecognizerViewParamsObject.h */ = {isa = PBXFileReference; fileEncoding = 4; lastKnownFileType = sourcecode.c.h; path = BDRecognizerViewParamsObject.h; sourceTree = "<group>"; };
		9F1764B7222785D600F4BFD9 /* BDTheme.h */ = {isa = PBXFileReference; fileEncoding = 4; lastKnownFileType = sourcecode.c.h; path = BDTheme.h; sourceTree = "<group>"; };
		9F1764CC2227C8FC00F4BFD9 /* bds_easr_basic_model.dat */ = {isa = PBXFileReference; lastKnownFileType = file; path = bds_easr_basic_model.dat; sourceTree = "<group>"; };
		9F1764CD2227C8FC00F4BFD9 /* bds_easr_dnn_wakeup_model.dat */ = {isa = PBXFileReference; lastKnownFileType = file; path = bds_easr_dnn_wakeup_model.dat; sourceTree = "<group>"; };
		9F1764CE2227C8FC00F4BFD9 /* bds_easr_gramm.dat */ = {isa = PBXFileReference; fileEncoding = 4; lastKnownFileType = text; path = bds_easr_gramm.dat; sourceTree = "<group>"; };
		9F1764CF2227C8FC00F4BFD9 /* bds_easr_input_model.dat */ = {isa = PBXFileReference; lastKnownFileType = file; path = bds_easr_input_model.dat; sourceTree = "<group>"; };
		9F1764D02227C8FC00F4BFD9 /* bds_easr_mfe_cmvn.dat */ = {isa = PBXFileReference; fileEncoding = 4; lastKnownFileType = text; path = bds_easr_mfe_cmvn.dat; sourceTree = "<group>"; };
		9F1764D12227C8FC00F4BFD9 /* bds_easr_mfe_dnn.dat */ = {isa = PBXFileReference; lastKnownFileType = file; path = bds_easr_mfe_dnn.dat; sourceTree = "<group>"; };
		9F1764D22227C8FC00F4BFD9 /* bds_easr_wakeup_words.dat */ = {isa = PBXFileReference; lastKnownFileType = file; path = bds_easr_wakeup_words.dat; sourceTree = "<group>"; };
		9F1764D32227C8FC00F4BFD9 /* bds_license.dat */ = {isa = PBXFileReference; fileEncoding = 4; lastKnownFileType = text; path = bds_license.dat; sourceTree = "<group>"; };
		9F1764D42227C8FC00F4BFD9 /* temp_license_2018-02-24.dat */ = {isa = PBXFileReference; fileEncoding = 4; lastKnownFileType = text; path = "temp_license_2018-02-24.dat"; sourceTree = "<group>"; };
		9F1764FF2227C93A00F4BFD9 /* BDSClientResources */ = {isa = PBXFileReference; lastKnownFileType = folder; path = BDSClientResources; sourceTree = "<group>"; };
		9F1765022227CA0F00F4BFD9 /* ASRService.h */ = {isa = PBXFileReference; lastKnownFileType = sourcecode.c.h; path = ASRService.h; sourceTree = "<group>"; };
		9F1765032227CA0F00F4BFD9 /* ASRService.m */ = {isa = PBXFileReference; lastKnownFileType = sourcecode.c.objc; path = ASRService.m; sourceTree = "<group>"; };
		9F1765052227CAB700F4BFD9 /* ComDefined.h */ = {isa = PBXFileReference; lastKnownFileType = sourcecode.c.h; path = ComDefined.h; sourceTree = "<group>"; };
		9FA4C5D3222E12C9007CDDE2 /* BDSSynthesizerStatusNotifications.h */ = {isa = PBXFileReference; fileEncoding = 4; lastKnownFileType = sourcecode.c.h; path = BDSSynthesizerStatusNotifications.h; sourceTree = "<group>"; };
		9FA4C5D4222E12C9007CDDE2 /* BDSSpeechSynthesizerDelegate.h */ = {isa = PBXFileReference; fileEncoding = 4; lastKnownFileType = sourcecode.c.h; path = BDSSpeechSynthesizerDelegate.h; sourceTree = "<group>"; };
		9FA4C5D5222E12C9007CDDE2 /* BDS_EttsModelManagerInterface.h */ = {isa = PBXFileReference; fileEncoding = 4; lastKnownFileType = sourcecode.c.h; path = BDS_EttsModelManagerInterface.h; sourceTree = "<group>"; };
		9FA4C5D6222E12C9007CDDE2 /* BDSBuiltInPlayer.h */ = {isa = PBXFileReference; fileEncoding = 4; lastKnownFileType = sourcecode.c.h; path = BDSBuiltInPlayer.h; sourceTree = "<group>"; };
		9FA4C5D7222E12C9007CDDE2 /* BDSMixedModeSynthesizer.h */ = {isa = PBXFileReference; fileEncoding = 4; lastKnownFileType = sourcecode.c.h; path = BDSMixedModeSynthesizer.h; sourceTree = "<group>"; };
		9FA4C5D8222E12C9007CDDE2 /* BDSSpeechSynthesizer.h */ = {isa = PBXFileReference; fileEncoding = 4; lastKnownFileType = sourcecode.c.h; path = BDSSpeechSynthesizer.h; sourceTree = "<group>"; };
		9FA4C5D9222E12C9007CDDE2 /* BDSSpeechSynthesizerParams.h */ = {isa = PBXFileReference; fileEncoding = 4; lastKnownFileType = sourcecode.c.h; path = BDSSpeechSynthesizerParams.h; sourceTree = "<group>"; };
		9FA4C5DA222E12C9007CDDE2 /* BDSSynthesizerLogLevel.h */ = {isa = PBXFileReference; fileEncoding = 4; lastKnownFileType = sourcecode.c.h; path = BDSSynthesizerLogLevel.h; sourceTree = "<group>"; };
		9FA4C5DB222E12C9007CDDE2 /* BDSTTSEventManager.h */ = {isa = PBXFileReference; fileEncoding = 4; lastKnownFileType = sourcecode.c.h; path = BDSTTSEventManager.h; sourceTree = "<group>"; };
		9FA4C5DC222E12C9007CDDE2 /* BDSSpeechSynthesizerErrors.h */ = {isa = PBXFileReference; fileEncoding = 4; lastKnownFileType = sourcecode.c.h; path = BDSSpeechSynthesizerErrors.h; sourceTree = "<group>"; };
		9FA4C5DE222E2076007CDDE2 /* libBaiduSpeechSDK.a */ = {isa = PBXFileReference; lastKnownFileType = archive.ar; path = libBaiduSpeechSDK.a; sourceTree = "<group>"; };
		9FA4C5DF222E2076007CDDE2 /* .gitignore */ = {isa = PBXFileReference; fileEncoding = 4; lastKnownFileType = text; path = .gitignore; sourceTree = "<group>"; };
		9FA4C5E2222E20B2007CDDE2 /* TTSService.h */ = {isa = PBXFileReference; fileEncoding = 4; lastKnownFileType = sourcecode.c.h; path = TTSService.h; sourceTree = "<group>"; };
		9FA4C5E3222E20B2007CDDE2 /* TTSService.m */ = {isa = PBXFileReference; fileEncoding = 4; lastKnownFileType = sourcecode.c.objc; path = TTSService.m; sourceTree = "<group>"; };
		9FEB2FF4222E061D00643F9D /* libBaiduSpeechSDK.a */ = {isa = PBXFileReference; lastKnownFileType = archive.ar; name = libBaiduSpeechSDK.a; path = KouSuan/ThirdCode/BDSClientLib/libBaiduSpeechSDK.a; sourceTree = "<group>"; };
/* End PBXFileReference section */

/* Begin PBXFrameworksBuildPhase section */
		9F14215F22267F190009037D /* Frameworks */ = {
			isa = PBXFrameworksBuildPhase;
			buildActionMask = 2147483647;
			files = (
				9F176496222781E500F4BFD9 /* CoreTelephony.framework in Frameworks */,
				9F176494222781D600F4BFD9 /* CoreLocation.framework in Frameworks */,
				9F1764922227819C00F4BFD9 /* CFNetwork.framework in Frameworks */,
				9F1764902227818F00F4BFD9 /* AVFoundation.framework in Frameworks */,
				9F17648E2227818400F4BFD9 /* AudioToolbox.framework in Frameworks */,
				9F17648C2227817300F4BFD9 /* SystemConfiguration.framework in Frameworks */,
				9F17648A2227814500F4BFD9 /* GLKit.framework in Frameworks */,
				9F1764882227813700F4BFD9 /* libz.1.2.5.tbd in Frameworks */,
				9FA4C5E0222E2076007CDDE2 /* libBaiduSpeechSDK.a in Frameworks */,
				9F1764862227812400F4BFD9 /* libc++.tbd in Frameworks */,
				9F1764842227811600F4BFD9 /* libiconv.2.4.0.tbd in Frameworks */,
				9F1764822227810400F4BFD9 /* libsqlite3.0.tbd in Frameworks */,
			);
			runOnlyForDeploymentPostprocessing = 0;
		};
		9F14217722267F2B0009037D /* Frameworks */ = {
			isa = PBXFrameworksBuildPhase;
			buildActionMask = 2147483647;
			files = (
			);
			runOnlyForDeploymentPostprocessing = 0;
		};
		9F14218222267F2B0009037D /* Frameworks */ = {
			isa = PBXFrameworksBuildPhase;
			buildActionMask = 2147483647;
			files = (
			);
			runOnlyForDeploymentPostprocessing = 0;
		};
/* End PBXFrameworksBuildPhase section */

/* Begin PBXGroup section */
		9F14215922267F190009037D = {
			isa = PBXGroup;
			children = (
				9F14216422267F190009037D /* KouSuan */,
				9F14217D22267F2B0009037D /* KouSuanTests */,
				9F14218822267F2B0009037D /* KouSuanUITests */,
				9F14216322267F190009037D /* Products */,
				9F1764802227810400F4BFD9 /* Frameworks */,
			);
			sourceTree = "<group>";
		};
		9F14216322267F190009037D /* Products */ = {
			isa = PBXGroup;
			children = (
				9F14216222267F190009037D /* KouSuan.app */,
				9F14217A22267F2B0009037D /* KouSuanTests.xctest */,
				9F14218522267F2B0009037D /* KouSuanUITests.xctest */,
			);
			name = Products;
			sourceTree = "<group>";
		};
		9F14216422267F190009037D /* KouSuan */ = {
			isa = PBXGroup;
			children = (
				9F1764C522278ADE00F4BFD9 /* Common */,
				9F1764C422278AB200F4BFD9 /* Service */,
				9F17649D2227855000F4BFD9 /* Resource */,
				9F1764972227824C00F4BFD9 /* ThirdCode */,
				9F14216522267F190009037D /* AppDelegate.h */,
				9F14216622267F190009037D /* AppDelegate.m */,
				9F14216822267F190009037D /* ViewController.h */,
				9F14216922267F190009037D /* ViewController.m */,
				9F14216B22267F190009037D /* Main.storyboard */,
				9F14216E22267F290009037D /* Assets.xcassets */,
				9F14217022267F290009037D /* LaunchScreen.storyboard */,
				9F14217322267F290009037D /* Info.plist */,
				9F14217422267F290009037D /* main.m */,
			);
			path = KouSuan;
			sourceTree = "<group>";
		};
		9F14217D22267F2B0009037D /* KouSuanTests */ = {
			isa = PBXGroup;
			children = (
				9F14217E22267F2B0009037D /* KouSuanTests.m */,
				9F14218022267F2B0009037D /* Info.plist */,
			);
			path = KouSuanTests;
			sourceTree = "<group>";
		};
		9F14218822267F2B0009037D /* KouSuanUITests */ = {
			isa = PBXGroup;
			children = (
				9F14218922267F2B0009037D /* KouSuanUITests.m */,
				9F14218B22267F2B0009037D /* Info.plist */,
			);
			path = KouSuanUITests;
			sourceTree = "<group>";
		};
		9F1764802227810400F4BFD9 /* Frameworks */ = {
			isa = PBXGroup;
			children = (
				9FEB2FF4222E061D00643F9D /* libBaiduSpeechSDK.a */,
				9F176495222781E500F4BFD9 /* CoreTelephony.framework */,
				9F176493222781D600F4BFD9 /* CoreLocation.framework */,
				9F1764912227819C00F4BFD9 /* CFNetwork.framework */,
				9F17648F2227818F00F4BFD9 /* AVFoundation.framework */,
				9F17648D2227818400F4BFD9 /* AudioToolbox.framework */,
				9F17648B2227817300F4BFD9 /* SystemConfiguration.framework */,
				9F1764892227814500F4BFD9 /* GLKit.framework */,
				9F1764872227813700F4BFD9 /* libz.1.2.5.tbd */,
				9F1764852227812400F4BFD9 /* libc++.tbd */,
				9F1764832227811600F4BFD9 /* libiconv.2.4.0.tbd */,
				9F1764812227810400F4BFD9 /* libsqlite3.0.tbd */,
			);
			name = Frameworks;
			sourceTree = "<group>";
		};
		9F1764972227824C00F4BFD9 /* ThirdCode */ = {
			isa = PBXGroup;
			children = (
				9FA4C5DD222E2076007CDDE2 /* BDSClientLib */,
				9F1764A9222785D600F4BFD9 /* BDSClientHeaders */,
			);
			path = ThirdCode;
			sourceTree = "<group>";
		};
		9F17649D2227855000F4BFD9 /* Resource */ = {
			isa = PBXGroup;
			children = (
				9F1764CA2227C8FC00F4BFD9 /* ASR */,
				9F17649E2227857800F4BFD9 /* TTS */,
			);
			path = Resource;
			sourceTree = "<group>";
		};
		9F17649E2227857800F4BFD9 /* TTS */ = {
			isa = PBXGroup;
			children = (
				9F17649F2227857800F4BFD9 /* Chinese_And_English_Speech_DYY.dat */,
				9F1764A02227857800F4BFD9 /* Chinese_And_English_Speech_Female.dat */,
				9F1764A12227857800F4BFD9 /* Chinese_And_English_Speech_Male-yyjw.dat */,
				9F1764A22227857800F4BFD9 /* Chinese_And_English_Speech_Male.dat */,
				9F1764A32227857800F4BFD9 /* Chinese_And_English_Text.dat */,
			);
			path = TTS;
			sourceTree = "<group>";
		};
		9F1764A9222785D600F4BFD9 /* BDSClientHeaders */ = {
			isa = PBXGroup;
			children = (
				9FA4C5D2222E12C9007CDDE2 /* TTS */,
				9F1764AA222785D600F4BFD9 /* ASR */,
			);
			path = BDSClientHeaders;
			sourceTree = "<group>";
		};
		9F1764AA222785D600F4BFD9 /* ASR */ = {
			isa = PBXGroup;
			children = (
				9F1764AB222785D600F4BFD9 /* .gitIgnore */,
				9F1764AC222785D600F4BFD9 /* BDSASRDefines.h */,
				9F1764AD222785D600F4BFD9 /* BDSASRParameters.h */,
				9F1764AE222785D600F4BFD9 /* BDSEventManager.h */,
				9F1764AF222785D600F4BFD9 /* BDSUploaderDefines.h */,
				9F1764B0222785D600F4BFD9 /* BDSUploaderParameters.h */,
				9F1764B1222785D600F4BFD9 /* BDSWakeupDefines.h */,
				9F1764B2222785D600F4BFD9 /* BDSWakeupParameters.h */,
				9F1764B3222785D600F4BFD9 /* UIHeaders */,
			);
			path = ASR;
			sourceTree = "<group>";
		};
		9F1764B3222785D600F4BFD9 /* UIHeaders */ = {
			isa = PBXGroup;
			children = (
				9F1764B4222785D600F4BFD9 /* BDRecognizerViewController.h */,
				9F1764B5222785D600F4BFD9 /* BDRecognizerViewDelegate.h */,
				9F1764B6222785D600F4BFD9 /* BDRecognizerViewParamsObject.h */,
				9F1764B7222785D600F4BFD9 /* BDTheme.h */,
			);
			path = UIHeaders;
			sourceTree = "<group>";
		};
		9F1764C422278AB200F4BFD9 /* Service */ = {
			isa = PBXGroup;
			children = (
				9F1765012227C9EC00F4BFD9 /* ASR */,
				9F1764C622278B8500F4BFD9 /* TTSService */,
			);
			path = Service;
			sourceTree = "<group>";
		};
		9F1764C522278ADE00F4BFD9 /* Common */ = {
			isa = PBXGroup;
			children = (
				9F1765052227CAB700F4BFD9 /* ComDefined.h */,
			);
			path = Common;
			sourceTree = "<group>";
		};
		9F1764C622278B8500F4BFD9 /* TTSService */ = {
			isa = PBXGroup;
			children = (
				9FA4C5E2222E20B2007CDDE2 /* TTSService.h */,
				9FA4C5E3222E20B2007CDDE2 /* TTSService.m */,
			);
			path = TTSService;
			sourceTree = "<group>";
		};
		9F1764CA2227C8FC00F4BFD9 /* ASR */ = {
			isa = PBXGroup;
			children = (
				9F1764CB2227C8FC00F4BFD9 /* BDSClientEASRResources */,
				9F1764FF2227C93A00F4BFD9 /* BDSClientResources */,
			);
			path = ASR;
			sourceTree = "<group>";
		};
		9F1764CB2227C8FC00F4BFD9 /* BDSClientEASRResources */ = {
			isa = PBXGroup;
			children = (
				9F1764CC2227C8FC00F4BFD9 /* bds_easr_basic_model.dat */,
				9F1764CD2227C8FC00F4BFD9 /* bds_easr_dnn_wakeup_model.dat */,
				9F1764CE2227C8FC00F4BFD9 /* bds_easr_gramm.dat */,
				9F1764CF2227C8FC00F4BFD9 /* bds_easr_input_model.dat */,
				9F1764D02227C8FC00F4BFD9 /* bds_easr_mfe_cmvn.dat */,
				9F1764D12227C8FC00F4BFD9 /* bds_easr_mfe_dnn.dat */,
				9F1764D22227C8FC00F4BFD9 /* bds_easr_wakeup_words.dat */,
				9F1764D32227C8FC00F4BFD9 /* bds_license.dat */,
				9F1764D42227C8FC00F4BFD9 /* temp_license_2018-02-24.dat */,
			);
			path = BDSClientEASRResources;
			sourceTree = "<group>";
		};
		9F1765012227C9EC00F4BFD9 /* ASR */ = {
			isa = PBXGroup;
			children = (
				9F1765022227CA0F00F4BFD9 /* ASRService.h */,
				9F1765032227CA0F00F4BFD9 /* ASRService.m */,
			);
			path = ASR;
			sourceTree = "<group>";
		};
		9FA4C5D2222E12C9007CDDE2 /* TTS */ = {
			isa = PBXGroup;
			children = (
				9FA4C5D3222E12C9007CDDE2 /* BDSSynthesizerStatusNotifications.h */,
				9FA4C5D4222E12C9007CDDE2 /* BDSSpeechSynthesizerDelegate.h */,
				9FA4C5D5222E12C9007CDDE2 /* BDS_EttsModelManagerInterface.h */,
				9FA4C5D6222E12C9007CDDE2 /* BDSBuiltInPlayer.h */,
				9FA4C5D7222E12C9007CDDE2 /* BDSMixedModeSynthesizer.h */,
				9FA4C5D8222E12C9007CDDE2 /* BDSSpeechSynthesizer.h */,
				9FA4C5D9222E12C9007CDDE2 /* BDSSpeechSynthesizerParams.h */,
				9FA4C5DA222E12C9007CDDE2 /* BDSSynthesizerLogLevel.h */,
				9FA4C5DB222E12C9007CDDE2 /* BDSTTSEventManager.h */,
				9FA4C5DC222E12C9007CDDE2 /* BDSSpeechSynthesizerErrors.h */,
			);
			path = TTS;
			sourceTree = "<group>";
		};
		9FA4C5DD222E2076007CDDE2 /* BDSClientLib */ = {
			isa = PBXGroup;
			children = (
				9FA4C5DE222E2076007CDDE2 /* libBaiduSpeechSDK.a */,
				9FA4C5DF222E2076007CDDE2 /* .gitignore */,
			);
			path = BDSClientLib;
			sourceTree = "<group>";
		};
/* End PBXGroup section */

/* Begin PBXNativeTarget section */
		9F14216122267F190009037D /* KouSuan */ = {
			isa = PBXNativeTarget;
			buildConfigurationList = 9F14218E22267F2B0009037D /* Build configuration list for PBXNativeTarget "KouSuan" */;
			buildPhases = (
				9F14215E22267F190009037D /* Sources */,
				9F14215F22267F190009037D /* Frameworks */,
				9F14216022267F190009037D /* Resources */,
			);
			buildRules = (
			);
			dependencies = (
			);
			name = KouSuan;
			productName = KouSuan;
			productReference = 9F14216222267F190009037D /* KouSuan.app */;
			productType = "com.apple.product-type.application";
		};
		9F14217922267F2B0009037D /* KouSuanTests */ = {
			isa = PBXNativeTarget;
			buildConfigurationList = 9F14219122267F2B0009037D /* Build configuration list for PBXNativeTarget "KouSuanTests" */;
			buildPhases = (
				9F14217622267F2B0009037D /* Sources */,
				9F14217722267F2B0009037D /* Frameworks */,
				9F14217822267F2B0009037D /* Resources */,
			);
			buildRules = (
			);
			dependencies = (
				9F14217C22267F2B0009037D /* PBXTargetDependency */,
			);
			name = KouSuanTests;
			productName = KouSuanTests;
			productReference = 9F14217A22267F2B0009037D /* KouSuanTests.xctest */;
			productType = "com.apple.product-type.bundle.unit-test";
		};
		9F14218422267F2B0009037D /* KouSuanUITests */ = {
			isa = PBXNativeTarget;
			buildConfigurationList = 9F14219422267F2B0009037D /* Build configuration list for PBXNativeTarget "KouSuanUITests" */;
			buildPhases = (
				9F14218122267F2B0009037D /* Sources */,
				9F14218222267F2B0009037D /* Frameworks */,
				9F14218322267F2B0009037D /* Resources */,
			);
			buildRules = (
			);
			dependencies = (
				9F14218722267F2B0009037D /* PBXTargetDependency */,
			);
			name = KouSuanUITests;
			productName = KouSuanUITests;
			productReference = 9F14218522267F2B0009037D /* KouSuanUITests.xctest */;
			productType = "com.apple.product-type.bundle.ui-testing";
		};
/* End PBXNativeTarget section */

/* Begin PBXProject section */
		9F14215A22267F190009037D /* Project object */ = {
			isa = PBXProject;
			attributes = {
				LastUpgradeCheck = 1010;
				ORGANIZATIONNAME = Fedora;
				TargetAttributes = {
					9F14216122267F190009037D = {
						CreatedOnToolsVersion = 10.1;
					};
					9F14217922267F2B0009037D = {
						CreatedOnToolsVersion = 10.1;
						TestTargetID = 9F14216122267F190009037D;
					};
					9F14218422267F2B0009037D = {
						CreatedOnToolsVersion = 10.1;
						TestTargetID = 9F14216122267F190009037D;
					};
				};
			};
			buildConfigurationList = 9F14215D22267F190009037D /* Build configuration list for PBXProject "KouSuan" */;
			compatibilityVersion = "Xcode 9.3";
			developmentRegion = en;
			hasScannedForEncodings = 0;
			knownRegions = (
				en,
				Base,
			);
			mainGroup = 9F14215922267F190009037D;
			productRefGroup = 9F14216322267F190009037D /* Products */;
			projectDirPath = "";
			projectRoot = "";
			targets = (
				9F14216122267F190009037D /* KouSuan */,
				9F14217922267F2B0009037D /* KouSuanTests */,
				9F14218422267F2B0009037D /* KouSuanUITests */,
			);
		};
/* End PBXProject section */

/* Begin PBXResourcesBuildPhase section */
		9F14216022267F190009037D /* Resources */ = {
			isa = PBXResourcesBuildPhase;
			buildActionMask = 2147483647;
			files = (
				9FA4C5E1222E2076007CDDE2 /* .gitignore in Resources */,
				9F1764C3222785D600F4BFD9 /* .gitIgnore in Resources */,
				9F1764A82227857800F4BFD9 /* Chinese_And_English_Text.dat in Resources */,
				9F1764E82227C8FC00F4BFD9 /* bds_easr_dnn_wakeup_model.dat in Resources */,
				9F1764EE2227C8FC00F4BFD9 /* bds_license.dat in Resources */,
				9F1764A52227857800F4BFD9 /* Chinese_And_English_Speech_Female.dat in Resources */,
				9F1765002227C93A00F4BFD9 /* BDSClientResources in Resources */,
				9F1764EC2227C8FC00F4BFD9 /* bds_easr_mfe_dnn.dat in Resources */,
				9F1764A72227857800F4BFD9 /* Chinese_And_English_Speech_Male.dat in Resources */,
				9F1764EA2227C8FC00F4BFD9 /* bds_easr_input_model.dat in Resources */,
				9F1764E92227C8FC00F4BFD9 /* bds_easr_gramm.dat in Resources */,
				9F1764EF2227C8FC00F4BFD9 /* temp_license_2018-02-24.dat in Resources */,
				9F14217222267F290009037D /* LaunchScreen.storyboard in Resources */,
				9F14216F22267F290009037D /* Assets.xcassets in Resources */,
				9F1764ED2227C8FC00F4BFD9 /* bds_easr_wakeup_words.dat in Resources */,
				9F14216D22267F190009037D /* Main.storyboard in Resources */,
				9F1764EB2227C8FC00F4BFD9 /* bds_easr_mfe_cmvn.dat in Resources */,
				9F1764A42227857800F4BFD9 /* Chinese_And_English_Speech_DYY.dat in Resources */,
				9F1764E72227C8FC00F4BFD9 /* bds_easr_basic_model.dat in Resources */,
				9F1764A62227857800F4BFD9 /* Chinese_And_English_Speech_Male-yyjw.dat in Resources */,
			);
			runOnlyForDeploymentPostprocessing = 0;
		};
		9F14217822267F2B0009037D /* Resources */ = {
			isa = PBXResourcesBuildPhase;
			buildActionMask = 2147483647;
			files = (
			);
			runOnlyForDeploymentPostprocessing = 0;
		};
		9F14218322267F2B0009037D /* Resources */ = {
			isa = PBXResourcesBuildPhase;
			buildActionMask = 2147483647;
			files = (
			);
			runOnlyForDeploymentPostprocessing = 0;
		};
/* End PBXResourcesBuildPhase section */

/* Begin PBXSourcesBuildPhase section */
		9F14215E22267F190009037D /* Sources */ = {
			isa = PBXSourcesBuildPhase;
			buildActionMask = 2147483647;
			files = (
				9F14216A22267F190009037D /* ViewController.m in Sources */,
				9F14217522267F290009037D /* main.m in Sources */,
				9F14216722267F190009037D /* AppDelegate.m in Sources */,
				9F1765042227CA0F00F4BFD9 /* ASRService.m in Sources */,
				9FA4C5E4222E20B2007CDDE2 /* TTSService.m in Sources */,
			);
			runOnlyForDeploymentPostprocessing = 0;
		};
		9F14217622267F2B0009037D /* Sources */ = {
			isa = PBXSourcesBuildPhase;
			buildActionMask = 2147483647;
			files = (
				9F14217F22267F2B0009037D /* KouSuanTests.m in Sources */,
			);
			runOnlyForDeploymentPostprocessing = 0;
		};
		9F14218122267F2B0009037D /* Sources */ = {
			isa = PBXSourcesBuildPhase;
			buildActionMask = 2147483647;
			files = (
				9F14218A22267F2B0009037D /* KouSuanUITests.m in Sources */,
			);
			runOnlyForDeploymentPostprocessing = 0;
		};
/* End PBXSourcesBuildPhase section */

/* Begin PBXTargetDependency section */
		9F14217C22267F2B0009037D /* PBXTargetDependency */ = {
			isa = PBXTargetDependency;
			target = 9F14216122267F190009037D /* KouSuan */;
			targetProxy = 9F14217B22267F2B0009037D /* PBXContainerItemProxy */;
		};
		9F14218722267F2B0009037D /* PBXTargetDependency */ = {
			isa = PBXTargetDependency;
			target = 9F14216122267F190009037D /* KouSuan */;
			targetProxy = 9F14218622267F2B0009037D /* PBXContainerItemProxy */;
		};
/* End PBXTargetDependency section */

/* Begin PBXVariantGroup section */
		9F14216B22267F190009037D /* Main.storyboard */ = {
			isa = PBXVariantGroup;
			children = (
				9F14216C22267F190009037D /* Base */,
			);
			name = Main.storyboard;
			sourceTree = "<group>";
		};
		9F14217022267F290009037D /* LaunchScreen.storyboard */ = {
			isa = PBXVariantGroup;
			children = (
				9F14217122267F290009037D /* Base */,
			);
			name = LaunchScreen.storyboard;
			sourceTree = "<group>";
		};
/* End PBXVariantGroup section */

/* Begin XCBuildConfiguration section */
		9F14218C22267F2B0009037D /* Debug */ = {
			isa = XCBuildConfiguration;
			buildSettings = {
				ALWAYS_SEARCH_USER_PATHS = NO;
				CLANG_ANALYZER_NONNULL = YES;
				CLANG_ANALYZER_NUMBER_OBJECT_CONVERSION = YES_AGGRESSIVE;
				CLANG_CXX_LANGUAGE_STANDARD = "gnu++14";
				CLANG_CXX_LIBRARY = "libc++";
				CLANG_ENABLE_MODULES = YES;
				CLANG_ENABLE_OBJC_ARC = YES;
				CLANG_ENABLE_OBJC_WEAK = YES;
				CLANG_WARN_BLOCK_CAPTURE_AUTORELEASING = YES;
				CLANG_WARN_BOOL_CONVERSION = YES;
				CLANG_WARN_COMMA = YES;
				CLANG_WARN_CONSTANT_CONVERSION = YES;
				CLANG_WARN_DEPRECATED_OBJC_IMPLEMENTATIONS = YES;
				CLANG_WARN_DIRECT_OBJC_ISA_USAGE = YES_ERROR;
				CLANG_WARN_DOCUMENTATION_COMMENTS = YES;
				CLANG_WARN_EMPTY_BODY = YES;
				CLANG_WARN_ENUM_CONVERSION = YES;
				CLANG_WARN_INFINITE_RECURSION = YES;
				CLANG_WARN_INT_CONVERSION = YES;
				CLANG_WARN_NON_LITERAL_NULL_CONVERSION = YES;
				CLANG_WARN_OBJC_IMPLICIT_RETAIN_SELF = YES;
				CLANG_WARN_OBJC_LITERAL_CONVERSION = YES;
				CLANG_WARN_OBJC_ROOT_CLASS = YES_ERROR;
				CLANG_WARN_RANGE_LOOP_ANALYSIS = YES;
				CLANG_WARN_STRICT_PROTOTYPES = YES;
				CLANG_WARN_SUSPICIOUS_MOVE = YES;
				CLANG_WARN_UNGUARDED_AVAILABILITY = YES_AGGRESSIVE;
				CLANG_WARN_UNREACHABLE_CODE = YES;
				CLANG_WARN__DUPLICATE_METHOD_MATCH = YES;
				CODE_SIGN_IDENTITY = "iPhone Developer";
				COPY_PHASE_STRIP = NO;
				DEBUG_INFORMATION_FORMAT = dwarf;
				ENABLE_STRICT_OBJC_MSGSEND = YES;
				ENABLE_TESTABILITY = YES;
				GCC_C_LANGUAGE_STANDARD = gnu11;
				GCC_DYNAMIC_NO_PIC = NO;
				GCC_NO_COMMON_BLOCKS = YES;
				GCC_OPTIMIZATION_LEVEL = 0;
				GCC_PREPROCESSOR_DEFINITIONS = (
					"DEBUG=1",
					"$(inherited)",
				);
				GCC_WARN_64_TO_32_BIT_CONVERSION = YES;
				GCC_WARN_ABOUT_RETURN_TYPE = YES_ERROR;
				GCC_WARN_UNDECLARED_SELECTOR = YES;
				GCC_WARN_UNINITIALIZED_AUTOS = YES_AGGRESSIVE;
				GCC_WARN_UNUSED_FUNCTION = YES;
				GCC_WARN_UNUSED_VARIABLE = YES;
				IPHONEOS_DEPLOYMENT_TARGET = 12.1;
				MTL_ENABLE_DEBUG_INFO = INCLUDE_SOURCE;
				MTL_FAST_MATH = YES;
				ONLY_ACTIVE_ARCH = YES;
				SDKROOT = iphoneos;
			};
			name = Debug;
		};
		9F14218D22267F2B0009037D /* Release */ = {
			isa = XCBuildConfiguration;
			buildSettings = {
				ALWAYS_SEARCH_USER_PATHS = NO;
				CLANG_ANALYZER_NONNULL = YES;
				CLANG_ANALYZER_NUMBER_OBJECT_CONVERSION = YES_AGGRESSIVE;
				CLANG_CXX_LANGUAGE_STANDARD = "gnu++14";
				CLANG_CXX_LIBRARY = "libc++";
				CLANG_ENABLE_MODULES = YES;
				CLANG_ENABLE_OBJC_ARC = YES;
				CLANG_ENABLE_OBJC_WEAK = YES;
				CLANG_WARN_BLOCK_CAPTURE_AUTORELEASING = YES;
				CLANG_WARN_BOOL_CONVERSION = YES;
				CLANG_WARN_COMMA = YES;
				CLANG_WARN_CONSTANT_CONVERSION = YES;
				CLANG_WARN_DEPRECATED_OBJC_IMPLEMENTATIONS = YES;
				CLANG_WARN_DIRECT_OBJC_ISA_USAGE = YES_ERROR;
				CLANG_WARN_DOCUMENTATION_COMMENTS = YES;
				CLANG_WARN_EMPTY_BODY = YES;
				CLANG_WARN_ENUM_CONVERSION = YES;
				CLANG_WARN_INFINITE_RECURSION = YES;
				CLANG_WARN_INT_CONVERSION = YES;
				CLANG_WARN_NON_LITERAL_NULL_CONVERSION = YES;
				CLANG_WARN_OBJC_IMPLICIT_RETAIN_SELF = YES;
				CLANG_WARN_OBJC_LITERAL_CONVERSION = YES;
				CLANG_WARN_OBJC_ROOT_CLASS = YES_ERROR;
				CLANG_WARN_RANGE_LOOP_ANALYSIS = YES;
				CLANG_WARN_STRICT_PROTOTYPES = YES;
				CLANG_WARN_SUSPICIOUS_MOVE = YES;
				CLANG_WARN_UNGUARDED_AVAILABILITY = YES_AGGRESSIVE;
				CLANG_WARN_UNREACHABLE_CODE = YES;
				CLANG_WARN__DUPLICATE_METHOD_MATCH = YES;
				CODE_SIGN_IDENTITY = "iPhone Developer";
				COPY_PHASE_STRIP = NO;
				DEBUG_INFORMATION_FORMAT = "dwarf-with-dsym";
				ENABLE_NS_ASSERTIONS = NO;
				ENABLE_STRICT_OBJC_MSGSEND = YES;
				GCC_C_LANGUAGE_STANDARD = gnu11;
				GCC_NO_COMMON_BLOCKS = YES;
				GCC_WARN_64_TO_32_BIT_CONVERSION = YES;
				GCC_WARN_ABOUT_RETURN_TYPE = YES_ERROR;
				GCC_WARN_UNDECLARED_SELECTOR = YES;
				GCC_WARN_UNINITIALIZED_AUTOS = YES_AGGRESSIVE;
				GCC_WARN_UNUSED_FUNCTION = YES;
				GCC_WARN_UNUSED_VARIABLE = YES;
				IPHONEOS_DEPLOYMENT_TARGET = 12.1;
				MTL_ENABLE_DEBUG_INFO = NO;
				MTL_FAST_MATH = YES;
				SDKROOT = iphoneos;
				VALIDATE_PRODUCT = YES;
			};
			name = Release;
		};
		9F14218F22267F2B0009037D /* Debug */ = {
			isa = XCBuildConfiguration;
			buildSettings = {
				ASSETCATALOG_COMPILER_APPICON_NAME = AppIcon;
				CODE_SIGN_STYLE = Automatic;
				DEVELOPMENT_TEAM = LFQH5WKM3T;
				INFOPLIST_FILE = KouSuan/Info.plist;
				IPHONEOS_DEPLOYMENT_TARGET = 9.0;
				LD_RUNPATH_SEARCH_PATHS = (
					"$(inherited)",
					"@executable_path/Frameworks",
				);
				LIBRARY_SEARCH_PATHS = (
					"$(inherited)",
					"$(PROJECT_DIR)/KouSuan/ThirdCode/BDSClientLib",
				);
				OTHER_LDFLAGS = "-all_load";
				PRODUCT_BUNDLE_IDENTIFIER = com.com.KouSuan;
				PRODUCT_NAME = "$(TARGET_NAME)";
				TARGETED_DEVICE_FAMILY = "1,2";
			};
			name = Debug;
		};
		9F14219022267F2B0009037D /* Release */ = {
			isa = XCBuildConfiguration;
			buildSettings = {
				ASSETCATALOG_COMPILER_APPICON_NAME = AppIcon;
				CODE_SIGN_STYLE = Automatic;
				DEVELOPMENT_TEAM = LFQH5WKM3T;
				INFOPLIST_FILE = KouSuan/Info.plist;
				IPHONEOS_DEPLOYMENT_TARGET = 9.0;
				LD_RUNPATH_SEARCH_PATHS = (
					"$(inherited)",
					"@executable_path/Frameworks",
				);
				LIBRARY_SEARCH_PATHS = (
					"$(inherited)",
					"$(PROJECT_DIR)/KouSuan/ThirdCode/BDSClientLib",
				);
				OTHER_LDFLAGS = "-all_load";
				PRODUCT_BUNDLE_IDENTIFIER = com.com.KouSuan;
				PRODUCT_NAME = "$(TARGET_NAME)";
				TARGETED_DEVICE_FAMILY = "1,2";
			};
			name = Release;
		};
		9F14219222267F2B0009037D /* Debug */ = {
			isa = XCBuildConfiguration;
			buildSettings = {
				BUNDLE_LOADER = "$(TEST_HOST)";
				CODE_SIGN_STYLE = Automatic;
				DEVELOPMENT_TEAM = LFQH5WKM3T;
				INFOPLIST_FILE = KouSuanTests/Info.plist;
				LD_RUNPATH_SEARCH_PATHS = (
					"$(inherited)",
					"@executable_path/Frameworks",
					"@loader_path/Frameworks",
				);
				PRODUCT_BUNDLE_IDENTIFIER = com.com.KouSuanTests;
				PRODUCT_NAME = "$(TARGET_NAME)";
				TARGETED_DEVICE_FAMILY = "1,2";
				TEST_HOST = "$(BUILT_PRODUCTS_DIR)/KouSuan.app/KouSuan";
			};
			name = Debug;
		};
		9F14219322267F2B0009037D /* Release */ = {
			isa = XCBuildConfiguration;
			buildSettings = {
				BUNDLE_LOADER = "$(TEST_HOST)";
				CODE_SIGN_STYLE = Automatic;
				DEVELOPMENT_TEAM = LFQH5WKM3T;
				INFOPLIST_FILE = KouSuanTests/Info.plist;
				LD_RUNPATH_SEARCH_PATHS = (
					"$(inherited)",
					"@executable_path/Frameworks",
					"@loader_path/Frameworks",
				);
				PRODUCT_BUNDLE_IDENTIFIER = com.com.KouSuanTests;
				PRODUCT_NAME = "$(TARGET_NAME)";
				TARGETED_DEVICE_FAMILY = "1,2";
				TEST_HOST = "$(BUILT_PRODUCTS_DIR)/KouSuan.app/KouSuan";
			};
			name = Release;
		};
		9F14219522267F2B0009037D /* Debug */ = {
			isa = XCBuildConfiguration;
			buildSettings = {
				CODE_SIGN_STYLE = Automatic;
				DEVELOPMENT_TEAM = LFQH5WKM3T;
				INFOPLIST_FILE = KouSuanUITests/Info.plist;
				LD_RUNPATH_SEARCH_PATHS = (
					"$(inherited)",
					"@executable_path/Frameworks",
					"@loader_path/Frameworks",
				);
				PRODUCT_BUNDLE_IDENTIFIER = com.com.KouSuanUITests;
				PRODUCT_NAME = "$(TARGET_NAME)";
				TARGETED_DEVICE_FAMILY = "1,2";
				TEST_TARGET_NAME = KouSuan;
			};
			name = Debug;
		};
		9F14219622267F2B0009037D /* Release */ = {
			isa = XCBuildConfiguration;
			buildSettings = {
				CODE_SIGN_STYLE = Automatic;
				DEVELOPMENT_TEAM = LFQH5WKM3T;
				INFOPLIST_FILE = KouSuanUITests/Info.plist;
				LD_RUNPATH_SEARCH_PATHS = (
					"$(inherited)",
					"@executable_path/Frameworks",
					"@loader_path/Frameworks",
				);
				PRODUCT_BUNDLE_IDENTIFIER = com.com.KouSuanUITests;
				PRODUCT_NAME = "$(TARGET_NAME)";
				TARGETED_DEVICE_FAMILY = "1,2";
				TEST_TARGET_NAME = KouSuan;
			};
			name = Release;
		};
/* End XCBuildConfiguration section */

/* Begin XCConfigurationList section */
		9F14215D22267F190009037D /* Build configuration list for PBXProject "KouSuan" */ = {
			isa = XCConfigurationList;
			buildConfigurations = (
				9F14218C22267F2B0009037D /* Debug */,
				9F14218D22267F2B0009037D /* Release */,
			);
			defaultConfigurationIsVisible = 0;
			defaultConfigurationName = Release;
		};
		9F14218E22267F2B0009037D /* Build configuration list for PBXNativeTarget "KouSuan" */ = {
			isa = XCConfigurationList;
			buildConfigurations = (
				9F14218F22267F2B0009037D /* Debug */,
				9F14219022267F2B0009037D /* Release */,
			);
			defaultConfigurationIsVisible = 0;
			defaultConfigurationName = Release;
		};
		9F14219122267F2B0009037D /* Build configuration list for PBXNativeTarget "KouSuanTests" */ = {
			isa = XCConfigurationList;
			buildConfigurations = (
				9F14219222267F2B0009037D /* Debug */,
				9F14219322267F2B0009037D /* Release */,
			);
			defaultConfigurationIsVisible = 0;
			defaultConfigurationName = Release;
		};
		9F14219422267F2B0009037D /* Build configuration list for PBXNativeTarget "KouSuanUITests" */ = {
			isa = XCConfigurationList;
			buildConfigurations = (
				9F14219522267F2B0009037D /* Debug */,
				9F14219622267F2B0009037D /* Release */,
			);
			defaultConfigurationIsVisible = 0;
			defaultConfigurationName = Release;
		};
/* End XCConfigurationList section */
	};
	rootObject = 9F14215A22267F190009037D /* Project object */;
}
